
Microsoft Visual Studio Solution File, Format Version 12.00
# Visual Studio Version 17
VisualStudioVersion = 17.9.34728.123
MinimumVisualStudioVersion = 10.0.40219.1
Project("{FAE04EC0-301F-11D3-BF4B-00C04F79EFBC}") = "pmejiaST6", "pmejiaST6.csproj", "{3129499B-FABB-4385-89CD-70A980E97A08}"
EndProject
Global
	GlobalSection(SolutionConfigurationPlatforms) = preSolution
		Debug|Any CPU = Debug|Any CPU
		Release|Any CPU = Release|Any CPU
	EndGlobalSection
	GlobalSection(ProjectConfigurationPlatforms) = postSolution
		{3129499B-FABB-4385-89CD-70A980E97A08}.Debug|Any CPU.ActiveCfg = Debug|Any CPU
		{3129499B-FABB-4385-89CD-70A980E97A08}.Debug|Any CPU.Build.0 = Debug|Any CPU
		{3129499B-FABB-4385-89CD-70A980E97A08}.Debug|Any CPU.Deploy.0 = Debug|Any CPU
		{3129499B-FABB-4385-89CD-70A980E97A08}.Release|Any CPU.ActiveCfg = Release|Any CPU
		{3129499B-FABB-4385-89CD-70A980E97A08}.Release|Any CPU.Build.0 = Release|Any CPU
		{3129499B-FABB-4385-89CD-70A980E97A08}.Release|Any CPU.Deploy.0 = Release|Any CPU
	EndGlobalSection
	GlobalSection(SolutionProperties) = preSolution
		HideSolutionNode = FALSE
	EndGlobalSection
	GlobalSection(ExtensibilityGlobals) = postSolution
		SolutionGuid = {9B42136C-BB56-4932-9C64-2822132A16E1}
	EndGlobalSection
EndGlobal
